# Generated by conda-lock.
# platform: linux-64
# input_hash: b94e030662552ad88f2010af230697c58e0ea124c990cb6ab7d3a6d739d17032
@EXPLICIT
https://conda.anaconda.org/conda-forge/linux-64/_libgcc_mutex-0.1-conda_forge.tar.bz2#d7c89558ba9fa0495403155b64376d81
https://conda.anaconda.org/conda-forge/linux-64/ca-certificates-2024.2.2-hbcca054_0.conda#2f4327a1cbe7f022401b236e915a5fef
https://conda.anaconda.org/conda-forge/noarch/kernel-headers_linux-64-2.6.32-he073ed8_17.conda#d731b543793afc0433c4fd593e693fce
https://conda.anaconda.org/conda-forge/linux-64/ld_impl_linux-64-2.40-h55db66e_0.conda#10569984e7db886e4f1abc2b47ad79a1
https://conda.anaconda.org/conda-forge/noarch/libgcc-devel_linux-64-13.2.0-h95c4c6d_106.conda#960fa4aaa5c6a4733ac71954d835ce99
https://conda.anaconda.org/conda-forge/noarch/libstdcxx-devel_linux-64-13.2.0-h95c4c6d_106.conda#aa932bbdb9cfea51e675f4b5a242ed6f
https://conda.anaconda.org/conda-forge/linux-64/libstdcxx-ng-13.2.0-h95c4c6d_6.conda#3cfab3e709f77e9f1b3d380eb622494a
https://conda.anaconda.org/conda-forge/linux-64/libgomp-13.2.0-hc881cc4_6.conda#aae89d3736661c36a5591788aebd0817
https://conda.anaconda.org/conda-forge/noarch/sysroot_linux-64-2.12-he073ed8_17.conda#595db67e32b276298ff3d94d07d47fbf
https://conda.anaconda.org/conda-forge/linux-64/_openmp_mutex-4.5-2_gnu.tar.bz2#73aaf86a425cc6e73fcf236a5a46396d
https://conda.anaconda.org/conda-forge/linux-64/binutils_impl_linux-64-2.40-ha885e6a_0.conda#800a4c872b5bc06fa83888d112fe6c4f
https://conda.anaconda.org/conda-forge/linux-64/binutils_linux-64-2.40-hdade7a5_3.conda#2d9a60578bc28469d9aeef9aea5520c3
https://conda.anaconda.org/conda-forge/linux-64/libgcc-ng-13.2.0-hc881cc4_6.conda#df88796bd09a0d2ed292e59101478ad8
https://conda.anaconda.org/conda-forge/linux-64/bzip2-1.0.8-hd590300_5.conda#69b8b6202a07720f448be700e300ccf4
https://conda.anaconda.org/conda-forge/linux-64/c-ares-1.28.1-hd590300_0.conda#dcde58ff9a1f30b0037a2315d1846d1f
https://conda.anaconda.org/conda-forge/linux-64/icu-73.2-h59595ed_0.conda#cc47e1facc155f91abd89b11e48e72ff
https://conda.anaconda.org/conda-forge/linux-64/keyutils-1.6.1-h166bdaf_0.tar.bz2#30186d27e2c9fa62b45fb1476b7200e3
https://conda.anaconda.org/conda-forge/linux-64/libdeflate-1.20-hd590300_0.conda#8e88f9389f1165d7c0936fe40d9a9a79
https://conda.anaconda.org/conda-forge/linux-64/libev-4.33-hd590300_2.conda#172bf1cd1ff8629f2b1179945ed45055
https://conda.anaconda.org/conda-forge/linux-64/libexpat-2.6.2-h59595ed_0.conda#e7ba12deb7020dd080c6c70e7b6f6a3d
https://conda.anaconda.org/conda-forge/linux-64/libffi-3.4.2-h7f98852_5.tar.bz2#d645c6d2ac96843a2bfaccd2d62b3ac3
https://conda.anaconda.org/conda-forge/linux-64/libiconv-1.17-hd590300_2.conda#d66573916ffcf376178462f1b61c941e
https://conda.anaconda.org/conda-forge/linux-64/libnsl-2.0.1-hd590300_0.conda#30fd6e37fe21f86f4bd26d6ee73eeec7
https://conda.anaconda.org/conda-forge/linux-64/libsanitizer-13.2.0-h95c4c6d_6.conda#be66a394ae0eb4bbeba5bba54e83ce53
https://conda.anaconda.org/conda-forge/linux-64/libuuid-2.38.1-h0b41bf4_0.conda#40b61aab5c7ba9ff276c41cfffe6b80b
https://conda.anaconda.org/conda-forge/linux-64/libuv-1.48.0-hd590300_0.conda#7e8b914b1062dd4386e3de4d82a3ead6
https://conda.anaconda.org/conda-forge/linux-64/libxcrypt-4.4.36-hd590300_1.conda#5aa797f8787fe7a17d1b0821485b5adc
https://conda.anaconda.org/conda-forge/linux-64/libzlib-1.2.13-hd590300_5.conda#f36c115f1ee199da648e0597ec2047ad
https://conda.anaconda.org/conda-forge/linux-64/llvm-openmp-8.0.1-hc9558a2_0.tar.bz2#67590caab043d6d7ffc371f9cced7848
https://conda.anaconda.org/conda-forge/linux-64/make-4.3-hd18ef5c_1.tar.bz2#4049ebfd3190b580dffe76daed26155a
https://conda.anaconda.org/conda-forge/linux-64/ncurses-6.4.20240210-h59595ed_0.conda#97da8860a0da5413c7c98a3b3838a645
https://conda.anaconda.org/conda-forge/linux-64/openssl-3.3.0-hd590300_0.conda#c0f3abb4a16477208bbd43a39bd56f18
https://conda.anaconda.org/conda-forge/linux-64/rhash-1.4.4-hd590300_0.conda#ec972a9a2925ac8d7a19eb9606561fff
https://conda.anaconda.org/conda-forge/linux-64/xz-5.2.6-h166bdaf_0.tar.bz2#2161070d867d1b1204ea749c8eec4ef0
https://conda.anaconda.org/conda-forge/linux-64/gcc_impl_linux-64-13.2.0-h1d3d475_6.conda#fb523fa3954d16178f7df937af68544f
https://conda.anaconda.org/conda-forge/linux-64/libedit-3.1.20191231-he28a2e2_2.tar.bz2#4d331e44109e3f0e19b4cb8f9b82f3e1
https://conda.anaconda.org/conda-forge/linux-64/libnghttp2-1.58.0-h47da74e_1.conda#700ac6ea6d53d5510591c4344d5c989a
https://conda.anaconda.org/conda-forge/linux-64/libsqlite-3.45.3-h2797004_0.conda#b3316cbe90249da4f8e84cd66e1cc55b
https://conda.anaconda.org/conda-forge/linux-64/libssh2-1.11.0-h0841786_0.conda#1f5a58e686b13bcfde88b93f547d23fe
https://conda.anaconda.org/conda-forge/linux-64/libxml2-2.12.6-h232c23b_2.conda#9a3a42df8a95f65334dfc7b80da1195d
https://conda.anaconda.org/conda-forge/linux-64/openmp-8.0.1-0.tar.bz2#b35241079152e5cc891c99368395b2c6
https://conda.anaconda.org/conda-forge/linux-64/readline-8.2-h8228510_1.conda#47d31b792659ce70f470b5c82fdfb7a4
https://conda.anaconda.org/conda-forge/linux-64/tk-8.6.13-noxft_h4845f30_101.conda#d453b98d9c83e71da0741bb0ff4d76bc
https://conda.anaconda.org/conda-forge/linux-64/zstd-1.5.5-hfc55251_0.conda#04b88013080254850d6c01ed54810589
https://conda.anaconda.org/conda-forge/linux-64/gcc_linux-64-13.2.0-h1ed452b_3.conda#0aba5ba9908f419076c59e99ad30e6ee
https://conda.anaconda.org/conda-forge/linux-64/gxx_impl_linux-64-13.2.0-h1d3d475_6.conda#a7bdc9ce437d0958ebf0d2c7cf09d770
https://conda.anaconda.org/conda-forge/linux-64/krb5-1.21.2-h659d440_0.conda#cd95826dbd331ed1be26bdf401432844
https://conda.anaconda.org/conda-forge/linux-64/libllvm18-18.1.4-h2448989_0.conda#fc46f35def3d50b071c138fe8b84bc72
https://conda.anaconda.org/conda-forge/linux-64/python-3.8.19-hd12c33a_0_cpython.conda#53aabe8cf596487ec6f1ce319c93a741
https://conda.anaconda.org/conda-forge/linux-64/gxx_linux-64-13.2.0-he8deefe_3.conda#875973f74a462d3fc53b0ac84e218d36
https://conda.anaconda.org/conda-forge/linux-64/libclang-cpp18.1-18.1.4-default_h127d8a8_0.conda#019ffa04d4ac60b01fec62d6b110bfd9
https://conda.anaconda.org/conda-forge/linux-64/libclang13-18.1.4-default_h5d6823c_0.conda#2c3b47879fc036ef57f3056834737ecb
https://conda.anaconda.org/conda-forge/linux-64/libcurl-8.7.1-hca28451_0.conda#755c7f876815003337d2c61ff5d047e5
https://conda.anaconda.org/conda-forge/noarch/setuptools-69.5.1-pyhd8ed1ab_0.conda#7462280d81f639363e6e63c81276bd9e
https://conda.anaconda.org/conda-forge/noarch/wheel-0.43.0-pyhd8ed1ab_1.conda#0b5293a157c2b5cd513dd1b03d8d3aae
https://conda.anaconda.org/conda-forge/linux-64/clang-format-18-18.1.4-default_h127d8a8_0.conda#65451d8c27994422ff58b91ac798533f
https://conda.anaconda.org/conda-forge/linux-64/cmake-3.29.2-hcfe8598_0.conda#7b7ea31d312b491b814f4e7f67de7886
https://conda.anaconda.org/bioconda/linux-64/htslib-1.20-h81da01d_0.tar.bz2#1084947eefd2bbe9c1f84ca24061a9d5
https://conda.anaconda.org/conda-forge/noarch/pip-24.0-pyhd8ed1ab_0.conda#f586ac1e56c8638b64f9c8122a7b8a67
https://conda.anaconda.org/conda-forge/linux-64/clang-format-18.1.4-default_h127d8a8_0.conda#8c7fa562ed39790121c97e92777d84ef
https://conda.anaconda.org/conda-forge/linux-64/clang-tools-18.1.4-default_h127d8a8_0.conda#616f7cef1194d38bf55a704e5271ad54
